
Microsoft Visual Studio Solution File, Format Version 12.00
# Visual Studio 15
VisualStudioVersion = 15.0.28010.2048
MinimumVisualStudioVersion = 10.0.40219.1
Project("{FAE04EC0-301F-11D3-BF4B-00C04F79EFBC}") = "WebWatcher", "WebWatcher\WebWatcher.csproj", "{5E24069B-1860-486E-8F1D-F044BADFA712}"
EndProject
Global
	GlobalSection(SolutionConfigurationPlatforms) = preSolution
		Debug|Any CPU = Debug|Any CPU
		Release|Any CPU = Release|Any CPU
	EndGlobalSection
	GlobalSection(ProjectConfigurationPlatforms) = postSolution
		{5E24069B-1860-486E-8F1D-F044BADFA712}.Debug|Any CPU.ActiveCfg = Debug|Any CPU
		{5E24069B-1860-486E-8F1D-F044BADFA712}.Debug|Any CPU.Build.0 = Debug|Any CPU
		{5E24069B-1860-486E-8F1D-F044BADFA712}.Release|Any CPU.ActiveCfg = Release|Any CPU
		{5E24069B-1860-486E-8F1D-F044BADFA712}.Release|Any CPU.Build.0 = Release|Any CPU
	EndGlobalSection
	GlobalSection(SolutionProperties) = preSolution
		HideSolutionNode = FALSE
	EndGlobalSection
	GlobalSection(ExtensibilityGlobals) = postSolution
		SolutionGuid = {1778924E-1AF6-42B8-8A36-460745F8AE3E}
	EndGlobalSection
EndGlobal
